
Microsoft Visual Studio Solution File, Format Version 12.00
# Visual Studio Version 17
VisualStudioVersion = 17.7.34024.191
MinimumVisualStudioVersion = 10.0.40219.1
Project("{FAE04EC0-301F-11D3-BF4B-00C04F79EFBC}") = "Задачи", "Задачи\Задачи.csproj", "{7708CB8A-3BEC-4129-A5CA-A30BC2365053}"
EndProject
Global
	GlobalSection(SolutionConfigurationPlatforms) = preSolution
		Debug|Any CPU = Debug|Any CPU
		Release|Any CPU = Release|Any CPU
	EndGlobalSection
	GlobalSection(ProjectConfigurationPlatforms) = postSolution
		{7708CB8A-3BEC-4129-A5CA-A30BC2365053}.Debug|Any CPU.ActiveCfg = Debug|Any CPU
		{7708CB8A-3BEC-4129-A5CA-A30BC2365053}.Debug|Any CPU.Build.0 = Debug|Any CPU
		{7708CB8A-3BEC-4129-A5CA-A30BC2365053}.Release|Any CPU.ActiveCfg = Release|Any CPU
		{7708CB8A-3BEC-4129-A5CA-A30BC2365053}.Release|Any CPU.Build.0 = Release|Any CPU
	EndGlobalSection
	GlobalSection(SolutionProperties) = preSolution
		HideSolutionNode = FALSE
	EndGlobalSection
	GlobalSection(ExtensibilityGlobals) = postSolution
		SolutionGuid = {EAAFC9BB-F1D0-4C61-9ECB-693CADDC8157}
	EndGlobalSection
EndGlobal
